
Microsoft Visual Studio Solution File, Format Version 12.00
# Visual Studio Version 17
VisualStudioVersion = 17.1.32421.90
MinimumVisualStudioVersion = 10.0.40219.1
Project("{9A19103F-16F7-4668-BE54-9A1E7A4F7556}") = "Store", "Store\Store.csproj", "{98F1AC6D-5AB7-481B-BB6B-DD352C607360}"
EndProject
Global
	GlobalSection(SolutionConfigurationPlatforms) = preSolution
		Debug|Any CPU = Debug|Any CPU
		Release|Any CPU = Release|Any CPU
	EndGlobalSection
	GlobalSection(ProjectConfigurationPlatforms) = postSolution
		{98F1AC6D-5AB7-481B-BB6B-DD352C607360}.Debug|Any CPU.ActiveCfg = Debug|Any CPU
		{98F1AC6D-5AB7-481B-BB6B-DD352C607360}.Debug|Any CPU.Build.0 = Debug|Any CPU
		{98F1AC6D-5AB7-481B-BB6B-DD352C607360}.Release|Any CPU.ActiveCfg = Release|Any CPU
		{98F1AC6D-5AB7-481B-BB6B-DD352C607360}.Release|Any CPU.Build.0 = Release|Any CPU
	EndGlobalSection
	GlobalSection(SolutionProperties) = preSolution
		HideSolutionNode = FALSE
	EndGlobalSection
	GlobalSection(ExtensibilityGlobals) = postSolution
		SolutionGuid = {76ECA10B-2640-4294-B3E4-88CA6FD00607}
	EndGlobalSection
EndGlobal
